
Microsoft Visual Studio Solution File, Format Version 12.00
# Visual Studio Version 16
VisualStudioVersion = 16.0.30907.101
MinimumVisualStudioVersion = 10.0.40219.1
Project("{8BC9CEB8-8B4A-11D0-8D11-00A0C91BC942}") = "lab8-1", "lab8-1\lab8-1.vcxproj", "{CF21572B-CBC0-423A-89B8-52239D45E1D1}"
EndProject
Global
	GlobalSection(SolutionConfigurationPlatforms) = preSolution
		Debug|x64 = Debug|x64
		Debug|x86 = Debug|x86
		Release|x64 = Release|x64
		Release|x86 = Release|x86
	EndGlobalSection
	GlobalSection(ProjectConfigurationPlatforms) = postSolution
		{CF21572B-CBC0-423A-89B8-52239D45E1D1}.Debug|x64.ActiveCfg = Debug|x64
		{CF21572B-CBC0-423A-89B8-52239D45E1D1}.Debug|x64.Build.0 = Debug|x64
		{CF21572B-CBC0-423A-89B8-52239D45E1D1}.Debug|x86.ActiveCfg = Debug|Win32
		{CF21572B-CBC0-423A-89B8-52239D45E1D1}.Debug|x86.Build.0 = Debug|Win32
		{CF21572B-CBC0-423A-89B8-52239D45E1D1}.Release|x64.ActiveCfg = Release|x64
		{CF21572B-CBC0-423A-89B8-52239D45E1D1}.Release|x64.Build.0 = Release|x64
		{CF21572B-CBC0-423A-89B8-52239D45E1D1}.Release|x86.ActiveCfg = Release|Win32
		{CF21572B-CBC0-423A-89B8-52239D45E1D1}.Release|x86.Build.0 = Release|Win32
	EndGlobalSection
	GlobalSection(SolutionProperties) = preSolution
		HideSolutionNode = FALSE
	EndGlobalSection
	GlobalSection(ExtensibilityGlobals) = postSolution
		SolutionGuid = {B6418819-8E28-403D-B1DE-DE5B26367527}
	EndGlobalSection
EndGlobal
